
Microsoft Visual Studio Solution File, Format Version 12.00
# Visual Studio Version 16
VisualStudioVersion = 16.0.29911.84
MinimumVisualStudioVersion = 10.0.40219.1
Project("{FAE04EC0-301F-11D3-BF4B-00C04F79EFBC}") = "chesswpf", "chesswpf\chesswpf.csproj", "{DBB89385-44AE-4565-9A91-1EC706B8353F}"
EndProject
Project("{FAE04EC0-301F-11D3-BF4B-00C04F79EFBC}") = "consoleChess3", "consoleChess3\consoleChess3.csproj", "{9C2A1349-E1BF-4B4A-8567-00E799AB74F8}"
EndProject
Project("{FAE04EC0-301F-11D3-BF4B-00C04F79EFBC}") = "ClassLibrary1", "ClassLibrary1\ClassLibrary1.csproj", "{77D508AA-4E72-41EE-88C6-5380BA87A458}"
EndProject
Global
	GlobalSection(SolutionConfigurationPlatforms) = preSolution
		Debug|Any CPU = Debug|Any CPU
		Release|Any CPU = Release|Any CPU
	EndGlobalSection
	GlobalSection(ProjectConfigurationPlatforms) = postSolution
		{DBB89385-44AE-4565-9A91-1EC706B8353F}.Debug|Any CPU.ActiveCfg = Debug|Any CPU
		{DBB89385-44AE-4565-9A91-1EC706B8353F}.Debug|Any CPU.Build.0 = Debug|Any CPU
		{DBB89385-44AE-4565-9A91-1EC706B8353F}.Release|Any CPU.ActiveCfg = Release|Any CPU
		{DBB89385-44AE-4565-9A91-1EC706B8353F}.Release|Any CPU.Build.0 = Release|Any CPU
		{9C2A1349-E1BF-4B4A-8567-00E799AB74F8}.Debug|Any CPU.ActiveCfg = Debug|Any CPU
		{9C2A1349-E1BF-4B4A-8567-00E799AB74F8}.Debug|Any CPU.Build.0 = Debug|Any CPU
		{9C2A1349-E1BF-4B4A-8567-00E799AB74F8}.Release|Any CPU.ActiveCfg = Release|Any CPU
		{9C2A1349-E1BF-4B4A-8567-00E799AB74F8}.Release|Any CPU.Build.0 = Release|Any CPU
		{77D508AA-4E72-41EE-88C6-5380BA87A458}.Debug|Any CPU.ActiveCfg = Debug|Any CPU
		{77D508AA-4E72-41EE-88C6-5380BA87A458}.Debug|Any CPU.Build.0 = Debug|Any CPU
		{77D508AA-4E72-41EE-88C6-5380BA87A458}.Release|Any CPU.ActiveCfg = Release|Any CPU
		{77D508AA-4E72-41EE-88C6-5380BA87A458}.Release|Any CPU.Build.0 = Release|Any CPU
	EndGlobalSection
	GlobalSection(SolutionProperties) = preSolution
		HideSolutionNode = FALSE
	EndGlobalSection
	GlobalSection(ExtensibilityGlobals) = postSolution
		SolutionGuid = {5DD43C6A-A641-42D8-B81C-16141FD2E71F}
	EndGlobalSection
EndGlobal
